// !$*UTF8*$!
{
	archiveVersion = 1;
	classes = {
	};
	objectVersion = 55;
	objects = {

/* Begin PBXBuildFile section */
		4905AA4E284CABB50028CB98 /* Repository.swift in Sources */ = {isa = PBXBuildFile; fileRef = 4905AA4D284CABB50028CB98 /* Repository.swift */; };
		4905AA52284CAE4D0028CB98 /* RepositoryDownloadingService.swift in Sources */ = {isa = PBXBuildFile; fileRef = 4905AA51284CAE4D0028CB98 /* RepositoryDownloadingService.swift */; };
		4905AA55284CE0DE0028CB98 /* Constants.swift in Sources */ = {isa = PBXBuildFile; fileRef = 4905AA54284CE0DE0028CB98 /* Constants.swift */; };
		4943C132284D0CB200936401 /* RepositoryTableViewCell.swift in Sources */ = {isa = PBXBuildFile; fileRef = 4943C131284D0CB200936401 /* RepositoryTableViewCell.swift */; };
		4943C134284D112700936401 /* RoundedImageView.swift in Sources */ = {isa = PBXBuildFile; fileRef = 4943C133284D112700936401 /* RoundedImageView.swift */; };
		49601730284BD1130045E853 /* AppDelegate.swift in Sources */ = {isa = PBXBuildFile; fileRef = 4960172F284BD1130045E853 /* AppDelegate.swift */; };
		49601732284BD1130045E853 /* SceneDelegate.swift in Sources */ = {isa = PBXBuildFile; fileRef = 49601731284BD1130045E853 /* SceneDelegate.swift */; };
		49601734284BD1130045E853 /* MainViewContoller.swift in Sources */ = {isa = PBXBuildFile; fileRef = 49601733284BD1130045E853 /* MainViewContoller.swift */; };
		49601737284BD1130045E853 /* Main.storyboard in Resources */ = {isa = PBXBuildFile; fileRef = 49601735284BD1130045E853 /* Main.storyboard */; };
		49601739284BD1140045E853 /* Assets.xcassets in Resources */ = {isa = PBXBuildFile; fileRef = 49601738284BD1140045E853 /* Assets.xcassets */; };
		4960173C284BD1140045E853 /* LaunchScreen.storyboard in Resources */ = {isa = PBXBuildFile; fileRef = 4960173A284BD1140045E853 /* LaunchScreen.storyboard */; };
		49601749284BD7E40045E853 /* RetryButton.swift in Sources */ = {isa = PBXBuildFile; fileRef = 49601748284BD7E40045E853 /* RetryButton.swift */; };
		6F06270C482ECEDDA1FD7956 /* Pods_TrendingRepositories.framework in Frameworks */ = {isa = PBXBuildFile; fileRef = D4FFCDB22FA554A04FB8AE3E /* Pods_TrendingRepositories.framework */; };
/* End PBXBuildFile section */

/* Begin PBXFileReference section */
		4905AA4D284CABB50028CB98 /* Repository.swift */ = {isa = PBXFileReference; lastKnownFileType = sourcecode.swift; path = Repository.swift; sourceTree = "<group>"; };
		4905AA51284CAE4D0028CB98 /* RepositoryDownloadingService.swift */ = {isa = PBXFileReference; lastKnownFileType = sourcecode.swift; path = RepositoryDownloadingService.swift; sourceTree = "<group>"; };
		4905AA54284CE0DE0028CB98 /* Constants.swift */ = {isa = PBXFileReference; lastKnownFileType = sourcecode.swift; path = Constants.swift; sourceTree = "<group>"; };
		4943C131284D0CB200936401 /* RepositoryTableViewCell.swift */ = {isa = PBXFileReference; lastKnownFileType = sourcecode.swift; path = RepositoryTableViewCell.swift; sourceTree = "<group>"; };
		4943C133284D112700936401 /* RoundedImageView.swift */ = {isa = PBXFileReference; lastKnownFileType = sourcecode.swift; path = RoundedImageView.swift; sourceTree = "<group>"; };
		4960172C284BD1130045E853 /* TrendingRepositories.app */ = {isa = PBXFileReference; explicitFileType = wrapper.application; includeInIndex = 0; path = TrendingRepositories.app; sourceTree = BUILT_PRODUCTS_DIR; };
		4960172F284BD1130045E853 /* AppDelegate.swift */ = {isa = PBXFileReference; lastKnownFileType = sourcecode.swift; path = AppDelegate.swift; sourceTree = "<group>"; };
		49601731284BD1130045E853 /* SceneDelegate.swift */ = {isa = PBXFileReference; lastKnownFileType = sourcecode.swift; path = SceneDelegate.swift; sourceTree = "<group>"; };
		49601733284BD1130045E853 /* MainViewContoller.swift */ = {isa = PBXFileReference; lastKnownFileType = sourcecode.swift; path = MainViewContoller.swift; sourceTree = "<group>"; };
		49601736284BD1130045E853 /* Base */ = {isa = PBXFileReference; lastKnownFileType = file.storyboard; name = Base; path = Base.lproj/Main.storyboard; sourceTree = "<group>"; };
		49601738284BD1140045E853 /* Assets.xcassets */ = {isa = PBXFileReference; lastKnownFileType = folder.assetcatalog; path = Assets.xcassets; sourceTree = "<group>"; };
		4960173B284BD1140045E853 /* Base */ = {isa = PBXFileReference; lastKnownFileType = file.storyboard; name = Base; path = Base.lproj/LaunchScreen.storyboard; sourceTree = "<group>"; };
		4960173D284BD1140045E853 /* Info.plist */ = {isa = PBXFileReference; lastKnownFileType = text.plist.xml; path = Info.plist; sourceTree = "<group>"; };
		49601748284BD7E40045E853 /* RetryButton.swift */ = {isa = PBXFileReference; lastKnownFileType = sourcecode.swift; path = RetryButton.swift; sourceTree = "<group>"; };
		5ED121456D4E86653EDB1192 /* Pods-TrendingRepositories.release.xcconfig */ = {isa = PBXFileReference; includeInIndex = 1; lastKnownFileType = text.xcconfig; name = "Pods-TrendingRepositories.release.xcconfig"; path = "Target Support Files/Pods-TrendingRepositories/Pods-TrendingRepositories.release.xcconfig"; sourceTree = "<group>"; };
		A1B61665E85639560F5B8EB5 /* Pods-TrendingRepositories.debug.xcconfig */ = {isa = PBXFileReference; includeInIndex = 1; lastKnownFileType = text.xcconfig; name = "Pods-TrendingRepositories.debug.xcconfig"; path = "Target Support Files/Pods-TrendingRepositories/Pods-TrendingRepositories.debug.xcconfig"; sourceTree = "<group>"; };
		D4FFCDB22FA554A04FB8AE3E /* Pods_TrendingRepositories.framework */ = {isa = PBXFileReference; explicitFileType = wrapper.framework; includeInIndex = 0; path = Pods_TrendingRepositories.framework; sourceTree = BUILT_PRODUCTS_DIR; };
/* End PBXFileReference section */

/* Begin PBXFrameworksBuildPhase section */
		49601729284BD1130045E853 /* Frameworks */ = {
			isa = PBXFrameworksBuildPhase;
			buildActionMask = 2147483647;
			files = (
				6F06270C482ECEDDA1FD7956 /* Pods_TrendingRepositories.framework in Frameworks */,
			);
			runOnlyForDeploymentPostprocessing = 0;
		};
/* End PBXFrameworksBuildPhase section */

/* Begin PBXGroup section */
		49601723284BD1130045E853 = {
			isa = PBXGroup;
			children = (
				4960172E284BD1130045E853 /* TrendingRepositories */,
				4960172D284BD1130045E853 /* Products */,
				532524B8B82142B746F9BF79 /* Pods */,
				A9EBECEDC0076ED8AF7670B6 /* Frameworks */,
			);
			sourceTree = "<group>";
		};
		4960172D284BD1130045E853 /* Products */ = {
			isa = PBXGroup;
			children = (
				4960172C284BD1130045E853 /* TrendingRepositories.app */,
			);
			name = Products;
			sourceTree = "<group>";
		};
		4960172E284BD1130045E853 /* TrendingRepositories */ = {
			isa = PBXGroup;
			children = (
				49601746284BD14D0045E853 /* Utilities */,
				49601745284BD1460045E853 /* Controller */,
				49601744284BD13D0045E853 /* View */,
				49601743284BD1370045E853 /* Model */,
				4960172F284BD1130045E853 /* AppDelegate.swift */,
				49601731284BD1130045E853 /* SceneDelegate.swift */,
				49601738284BD1140045E853 /* Assets.xcassets */,
				4960173A284BD1140045E853 /* LaunchScreen.storyboard */,
				4960173D284BD1140045E853 /* Info.plist */,
			);
			path = TrendingRepositories;
			sourceTree = "<group>";
		};
		49601743284BD1370045E853 /* Model */ = {
			isa = PBXGroup;
			children = (
				4905AA4D284CABB50028CB98 /* Repository.swift */,
			);
			path = Model;
			sourceTree = "<group>";
		};
		49601744284BD13D0045E853 /* View */ = {
			isa = PBXGroup;
			children = (
				49601748284BD7E40045E853 /* RetryButton.swift */,
				4943C133284D112700936401 /* RoundedImageView.swift */,
				4943C131284D0CB200936401 /* RepositoryTableViewCell.swift */,
				49601747284BD17C0045E853 /* Interface Builder */,
			);
			path = View;
			sourceTree = "<group>";
		};
		49601745284BD1460045E853 /* Controller */ = {
			isa = PBXGroup;
			children = (
				49601733284BD1130045E853 /* MainViewContoller.swift */,
			);
			path = Controller;
			sourceTree = "<group>";
		};
		49601746284BD14D0045E853 /* Utilities */ = {
			isa = PBXGroup;
			children = (
				4905AA51284CAE4D0028CB98 /* RepositoryDownloadingService.swift */,
				4905AA54284CE0DE0028CB98 /* Constants.swift */,
			);
			path = Utilities;
			sourceTree = "<group>";
		};
		49601747284BD17C0045E853 /* Interface Builder */ = {
			isa = PBXGroup;
			children = (
				49601735284BD1130045E853 /* Main.storyboard */,
			);
			path = "Interface Builder";
			sourceTree = "<group>";
		};
		532524B8B82142B746F9BF79 /* Pods */ = {
			isa = PBXGroup;
			children = (
				A1B61665E85639560F5B8EB5 /* Pods-TrendingRepositories.debug.xcconfig */,
				5ED121456D4E86653EDB1192 /* Pods-TrendingRepositories.release.xcconfig */,
			);
			path = Pods;
			sourceTree = "<group>";
		};
		A9EBECEDC0076ED8AF7670B6 /* Frameworks */ = {
			isa = PBXGroup;
			children = (
				D4FFCDB22FA554A04FB8AE3E /* Pods_TrendingRepositories.framework */,
			);
			name = Frameworks;
			sourceTree = "<group>";
		};
/* End PBXGroup section */

/* Begin PBXNativeTarget section */
		4960172B284BD1130045E853 /* TrendingRepositories */ = {
			isa = PBXNativeTarget;
			buildConfigurationList = 49601740284BD1140045E853 /* Build configuration list for PBXNativeTarget "TrendingRepositories" */;
			buildPhases = (
				3BDA10B3E63845C719A9DFC0 /* [CP] Check Pods Manifest.lock */,
				49601728284BD1130045E853 /* Sources */,
				49601729284BD1130045E853 /* Frameworks */,
				4960172A284BD1130045E853 /* Resources */,
				2B765DC8C4266E003BB69386 /* [CP] Embed Pods Frameworks */,
			);
			buildRules = (
			);
			dependencies = (
			);
			name = TrendingRepositories;
			productName = TrendingRepositories;
			productReference = 4960172C284BD1130045E853 /* TrendingRepositories.app */;
			productType = "com.apple.product-type.application";
		};
/* End PBXNativeTarget section */

/* Begin PBXProject section */
		49601724284BD1130045E853 /* Project object */ = {
			isa = PBXProject;
			attributes = {
				BuildIndependentTargetsInParallel = 1;
				LastSwiftUpdateCheck = 1340;
				LastUpgradeCheck = 1340;
				TargetAttributes = {
					4960172B284BD1130045E853 = {
						CreatedOnToolsVersion = 13.4.1;
					};
				};
			};
			buildConfigurationList = 49601727284BD1130045E853 /* Build configuration list for PBXProject "TrendingRepositories" */;
			compatibilityVersion = "Xcode 13.0";
			developmentRegion = en;
			hasScannedForEncodings = 0;
			knownRegions = (
				en,
				Base,
			);
			mainGroup = 49601723284BD1130045E853;
			productRefGroup = 4960172D284BD1130045E853 /* Products */;
			projectDirPath = "";
			projectRoot = "";
			targets = (
				4960172B284BD1130045E853 /* TrendingRepositories */,
			);
		};
/* End PBXProject section */

/* Begin PBXResourcesBuildPhase section */
		4960172A284BD1130045E853 /* Resources */ = {
			isa = PBXResourcesBuildPhase;
			buildActionMask = 2147483647;
			files = (
				4960173C284BD1140045E853 /* LaunchScreen.storyboard in Resources */,
				49601739284BD1140045E853 /* Assets.xcassets in Resources */,
				49601737284BD1130045E853 /* Main.storyboard in Resources */,
			);
			runOnlyForDeploymentPostprocessing = 0;
		};
/* End PBXResourcesBuildPhase section */

/* Begin PBXShellScriptBuildPhase section */
		2B765DC8C4266E003BB69386 /* [CP] Embed Pods Frameworks */ = {
			isa = PBXShellScriptBuildPhase;
			buildActionMask = 2147483647;
			files = (
			);
			inputFileListPaths = (
				"${PODS_ROOT}/Target Support Files/Pods-TrendingRepositories/Pods-TrendingRepositories-frameworks-${CONFIGURATION}-input-files.xcfilelist",
			);
			name = "[CP] Embed Pods Frameworks";
			outputFileListPaths = (
				"${PODS_ROOT}/Target Support Files/Pods-TrendingRepositories/Pods-TrendingRepositories-frameworks-${CONFIGURATION}-output-files.xcfilelist",
			);
			runOnlyForDeploymentPostprocessing = 0;
			shellPath = /bin/sh;
			shellScript = "\"${PODS_ROOT}/Target Support Files/Pods-TrendingRepositories/Pods-TrendingRepositories-frameworks.sh\"\n";
			showEnvVarsInLog = 0;
		};
		3BDA10B3E63845C719A9DFC0 /* [CP] Check Pods Manifest.lock */ = {
			isa = PBXShellScriptBuildPhase;
			buildActionMask = 2147483647;
			files = (
			);
			inputFileListPaths = (
			);
			inputPaths = (
				"${PODS_PODFILE_DIR_PATH}/Podfile.lock",
				"${PODS_ROOT}/Manifest.lock",
			);
			name = "[CP] Check Pods Manifest.lock";
			outputFileListPaths = (
			);
			outputPaths = (
				"$(DERIVED_FILE_DIR)/Pods-TrendingRepositories-checkManifestLockResult.txt",
			);
			runOnlyForDeploymentPostprocessing = 0;
			shellPath = /bin/sh;
			shellScript = "diff \"${PODS_PODFILE_DIR_PATH}/Podfile.lock\" \"${PODS_ROOT}/Manifest.lock\" > /dev/null\nif [ $? != 0 ] ; then\n    # print error to STDERR\n    echo \"error: The sandbox is not in sync with the Podfile.lock. Run 'pod install' or update your CocoaPods installation.\" >&2\n    exit 1\nfi\n# This output is used by Xcode 'outputs' to avoid re-running this script phase.\necho \"SUCCESS\" > \"${SCRIPT_OUTPUT_FILE_0}\"\n";
			showEnvVarsInLog = 0;
		};
/* End PBXShellScriptBuildPhase section */

/* Begin PBXSourcesBuildPhase section */
		49601728284BD1130045E853 /* Sources */ = {
			isa = PBXSourcesBuildPhase;
			buildActionMask = 2147483647;
			files = (
				49601734284BD1130045E853 /* MainViewContoller.swift in Sources */,
				49601730284BD1130045E853 /* AppDelegate.swift in Sources */,
				4905AA52284CAE4D0028CB98 /* RepositoryDownloadingService.swift in Sources */,
				4943C132284D0CB200936401 /* RepositoryTableViewCell.swift in Sources */,
				4905AA4E284CABB50028CB98 /* Repository.swift in Sources */,
				4905AA55284CE0DE0028CB98 /* Constants.swift in Sources */,
				49601749284BD7E40045E853 /* RetryButton.swift in Sources */,
				49601732284BD1130045E853 /* SceneDelegate.swift in Sources */,
				4943C134284D112700936401 /* RoundedImageView.swift in Sources */,
			);
			runOnlyForDeploymentPostprocessing = 0;
		};
/* End PBXSourcesBuildPhase section */

/* Begin PBXVariantGroup section */
		49601735284BD1130045E853 /* Main.storyboard */ = {
			isa = PBXVariantGroup;
			children = (
				49601736284BD1130045E853 /* Base */,
			);
			name = Main.storyboard;
			sourceTree = "<group>";
		};
		4960173A284BD1140045E853 /* LaunchScreen.storyboard */ = {
			isa = PBXVariantGroup;
			children = (
				4960173B284BD1140045E853 /* Base */,
			);
			name = LaunchScreen.storyboard;
			sourceTree = "<group>";
		};
/* End PBXVariantGroup section */

/* Begin XCBuildConfiguration section */
		4960173E284BD1140045E853 /* Debug */ = {
			isa = XCBuildConfiguration;
			buildSettings = {
				ALWAYS_SEARCH_USER_PATHS = NO;
				CLANG_ANALYZER_NONNULL = YES;
				CLANG_ANALYZER_NUMBER_OBJECT_CONVERSION = YES_AGGRESSIVE;
				CLANG_CXX_LANGUAGE_STANDARD = "gnu++17";
				CLANG_ENABLE_MODULES = YES;
				CLANG_ENABLE_OBJC_ARC = YES;
				CLANG_ENABLE_OBJC_WEAK = YES;
				CLANG_WARN_BLOCK_CAPTURE_AUTORELEASING = YES;
				CLANG_WARN_BOOL_CONVERSION = YES;
				CLANG_WARN_COMMA = YES;
				CLANG_WARN_CONSTANT_CONVERSION = YES;
				CLANG_WARN_DEPRECATED_OBJC_IMPLEMENTATIONS = YES;
				CLANG_WARN_DIRECT_OBJC_ISA_USAGE = YES_ERROR;
				CLANG_WARN_DOCUMENTATION_COMMENTS = YES;
				CLANG_WARN_EMPTY_BODY = YES;
				CLANG_WARN_ENUM_CONVERSION = YES;
				CLANG_WARN_INFINITE_RECURSION = YES;
				CLANG_WARN_INT_CONVERSION = YES;
				CLANG_WARN_NON_LITERAL_NULL_CONVERSION = YES;
				CLANG_WARN_OBJC_IMPLICIT_RETAIN_SELF = YES;
				CLANG_WARN_OBJC_LITERAL_CONVERSION = YES;
				CLANG_WARN_OBJC_ROOT_CLASS = YES_ERROR;
				CLANG_WARN_QUOTED_INCLUDE_IN_FRAMEWORK_HEADER = YES;
				CLANG_WARN_RANGE_LOOP_ANALYSIS = YES;
				CLANG_WARN_STRICT_PROTOTYPES = YES;
				CLANG_WARN_SUSPICIOUS_MOVE = YES;
				CLANG_WARN_UNGUARDED_AVAILABILITY = YES_AGGRESSIVE;
				CLANG_WARN_UNREACHABLE_CODE = YES;
				CLANG_WARN__DUPLICATE_METHOD_MATCH = YES;
				COPY_PHASE_STRIP = NO;
				DEBUG_INFORMATION_FORMAT = dwarf;
				ENABLE_STRICT_OBJC_MSGSEND = YES;
				ENABLE_TESTABILITY = YES;
				GCC_C_LANGUAGE_STANDARD = gnu11;
				GCC_DYNAMIC_NO_PIC = NO;
				GCC_NO_COMMON_BLOCKS = YES;
				GCC_OPTIMIZATION_LEVEL = 0;
				GCC_PREPROCESSOR_DEFINITIONS = (
					"DEBUG=1",
					"$(inherited)",
				);
				GCC_WARN_64_TO_32_BIT_CONVERSION = YES;
				GCC_WARN_ABOUT_RETURN_TYPE = YES_ERROR;
				GCC_WARN_UNDECLARED_SELECTOR = YES;
				GCC_WARN_UNINITIALIZED_AUTOS = YES_AGGRESSIVE;
				GCC_WARN_UNUSED_FUNCTION = YES;
				GCC_WARN_UNUSED_VARIABLE = YES;
				IPHONEOS_DEPLOYMENT_TARGET = 13.0;
				MTL_ENABLE_DEBUG_INFO = INCLUDE_SOURCE;
				MTL_FAST_MATH = YES;
				ONLY_ACTIVE_ARCH = YES;
				SDKROOT = iphoneos;
				SWIFT_ACTIVE_COMPILATION_CONDITIONS = DEBUG;
				SWIFT_OPTIMIZATION_LEVEL = "-Onone";
			};
			name = Debug;
		};
		4960173F284BD1140045E853 /* Release */ = {
			isa = XCBuildConfiguration;
			buildSettings = {
				ALWAYS_SEARCH_USER_PATHS = NO;
				CLANG_ANALYZER_NONNULL = YES;
				CLANG_ANALYZER_NUMBER_OBJECT_CONVERSION = YES_AGGRESSIVE;
				CLANG_CXX_LANGUAGE_STANDARD = "gnu++17";
				CLANG_ENABLE_MODULES = YES;
				CLANG_ENABLE_OBJC_ARC = YES;
				CLANG_ENABLE_OBJC_WEAK = YES;
				CLANG_WARN_BLOCK_CAPTURE_AUTORELEASING = YES;
				CLANG_WARN_BOOL_CONVERSION = YES;
				CLANG_WARN_COMMA = YES;
				CLANG_WARN_CONSTANT_CONVERSION = YES;
				CLANG_WARN_DEPRECATED_OBJC_IMPLEMENTATIONS = YES;
				CLANG_WARN_DIRECT_OBJC_ISA_USAGE = YES_ERROR;
				CLANG_WARN_DOCUMENTATION_COMMENTS = YES;
				CLANG_WARN_EMPTY_BODY = YES;
				CLANG_WARN_ENUM_CONVERSION = YES;
				CLANG_WARN_INFINITE_RECURSION = YES;
				CLANG_WARN_INT_CONVERSION = YES;
				CLANG_WARN_NON_LITERAL_NULL_CONVERSION = YES;
				CLANG_WARN_OBJC_IMPLICIT_RETAIN_SELF = YES;
				CLANG_WARN_OBJC_LITERAL_CONVERSION = YES;
				CLANG_WARN_OBJC_ROOT_CLASS = YES_ERROR;
				CLANG_WARN_QUOTED_INCLUDE_IN_FRAMEWORK_HEADER = YES;
				CLANG_WARN_RANGE_LOOP_ANALYSIS = YES;
				CLANG_WARN_STRICT_PROTOTYPES = YES;
				CLANG_WARN_SUSPICIOUS_MOVE = YES;
				CLANG_WARN_UNGUARDED_AVAILABILITY = YES_AGGRESSIVE;
				CLANG_WARN_UNREACHABLE_CODE = YES;
				CLANG_WARN__DUPLICATE_METHOD_MATCH = YES;
				COPY_PHASE_STRIP = NO;
				DEBUG_INFORMATION_FORMAT = "dwarf-with-dsym";
				ENABLE_NS_ASSERTIONS = NO;
				ENABLE_STRICT_OBJC_MSGSEND = YES;
				GCC_C_LANGUAGE_STANDARD = gnu11;
				GCC_NO_COMMON_BLOCKS = YES;
				GCC_WARN_64_TO_32_BIT_CONVERSION = YES;
				GCC_WARN_ABOUT_RETURN_TYPE = YES_ERROR;
				GCC_WARN_UNDECLARED_SELECTOR = YES;
				GCC_WARN_UNINITIALIZED_AUTOS = YES_AGGRESSIVE;
				GCC_WARN_UNUSED_FUNCTION = YES;
				GCC_WARN_UNUSED_VARIABLE = YES;
				IPHONEOS_DEPLOYMENT_TARGET = 13.0;
				MTL_ENABLE_DEBUG_INFO = NO;
				MTL_FAST_MATH = YES;
				SDKROOT = iphoneos;
				SWIFT_COMPILATION_MODE = wholemodule;
				SWIFT_OPTIMIZATION_LEVEL = "-O";
				VALIDATE_PRODUCT = YES;
			};
			name = Release;
		};
		49601741284BD1140045E853 /* Debug */ = {
			isa = XCBuildConfiguration;
			baseConfigurationReference = A1B61665E85639560F5B8EB5 /* Pods-TrendingRepositories.debug.xcconfig */;
			buildSettings = {
				ASSETCATALOG_COMPILER_APPICON_NAME = AppIcon;
				ASSETCATALOG_COMPILER_GLOBAL_ACCENT_COLOR_NAME = AccentColor;
				CODE_SIGN_STYLE = Automatic;
				CURRENT_PROJECT_VERSION = 1;
				GENERATE_INFOPLIST_FILE = YES;
				INFOPLIST_FILE = TrendingRepositories/Info.plist;
				INFOPLIST_KEY_UIApplicationSupportsIndirectInputEvents = YES;
				INFOPLIST_KEY_UILaunchStoryboardName = LaunchScreen;
				INFOPLIST_KEY_UIMainStoryboardFile = Main;
				INFOPLIST_KEY_UISupportedInterfaceOrientations_iPad = "UIInterfaceOrientationPortrait UIInterfaceOrientationPortraitUpsideDown UIInterfaceOrientationLandscapeLeft UIInterfaceOrientationLandscapeRight";
				INFOPLIST_KEY_UISupportedInterfaceOrientations_iPhone = "UIInterfaceOrientationPortrait UIInterfaceOrientationLandscapeLeft UIInterfaceOrientationLandscapeRight";
				LD_RUNPATH_SEARCH_PATHS = (
					"$(inherited)",
					"@executable_path/Frameworks",
				);
				MARKETING_VERSION = 1.0;
				PRODUCT_BUNDLE_IDENTIFIER = assignment.TrendingRepositories;
				PRODUCT_NAME = "$(TARGET_NAME)";
				SWIFT_EMIT_LOC_STRINGS = YES;
				SWIFT_VERSION = 5.0;
				TARGETED_DEVICE_FAMILY = "1,2";
			};
			name = Debug;
		};
		49601742284BD1140045E853 /* Release */ = {
			isa = XCBuildConfiguration;
			baseConfigurationReference = 5ED121456D4E86653EDB1192 /* Pods-TrendingRepositories.release.xcconfig */;
			buildSettings = {
				ASSETCATALOG_COMPILER_APPICON_NAME = AppIcon;
				ASSETCATALOG_COMPILER_GLOBAL_ACCENT_COLOR_NAME = AccentColor;
				CODE_SIGN_STYLE = Automatic;
				CURRENT_PROJECT_VERSION = 1;
				GENERATE_INFOPLIST_FILE = YES;
				INFOPLIST_FILE = TrendingRepositories/Info.plist;
				INFOPLIST_KEY_UIApplicationSupportsIndirectInputEvents = YES;
				INFOPLIST_KEY_UILaunchStoryboardName = LaunchScreen;
				INFOPLIST_KEY_UIMainStoryboardFile = Main;
				INFOPLIST_KEY_UISupportedInterfaceOrientations_iPad = "UIInterfaceOrientationPortrait UIInterfaceOrientationPortraitUpsideDown UIInterfaceOrientationLandscapeLeft UIInterfaceOrientationLandscapeRight";
				INFOPLIST_KEY_UISupportedInterfaceOrientations_iPhone = "UIInterfaceOrientationPortrait UIInterfaceOrientationLandscapeLeft UIInterfaceOrientationLandscapeRight";
				LD_RUNPATH_SEARCH_PATHS = (
					"$(inherited)",
					"@executable_path/Frameworks",
				);
				MARKETING_VERSION = 1.0;
				PRODUCT_BUNDLE_IDENTIFIER = assignment.TrendingRepositories;
				PRODUCT_NAME = "$(TARGET_NAME)";
				SWIFT_EMIT_LOC_STRINGS = YES;
				SWIFT_VERSION = 5.0;
				TARGETED_DEVICE_FAMILY = "1,2";
			};
			name = Release;
		};
/* End XCBuildConfiguration section */

/* Begin XCConfigurationList section */
		49601727284BD1130045E853 /* Build configuration list for PBXProject "TrendingRepositories" */ = {
			isa = XCConfigurationList;
			buildConfigurations = (
				4960173E284BD1140045E853 /* Debug */,
				4960173F284BD1140045E853 /* Release */,
			);
			defaultConfigurationIsVisible = 0;
			defaultConfigurationName = Release;
		};
		49601740284BD1140045E853 /* Build configuration list for PBXNativeTarget "TrendingRepositories" */ = {
			isa = XCConfigurationList;
			buildConfigurations = (
				49601741284BD1140045E853 /* Debug */,
				49601742284BD1140045E853 /* Release */,
			);
			defaultConfigurationIsVisible = 0;
			defaultConfigurationName = Release;
		};
/* End XCConfigurationList section */
	};
	rootObject = 49601724284BD1130045E853 /* Project object */;
}
